{
    "_meta": {
        "hash": {
            "sha256": "0a10fb976e99b9015b815d178d34f8b801ddf2cf765a772bc9413e3da9aa0dec"
        },
        "pipfile-spec": 6,
        "requires": {
            "python_version": "3.6"
        },
        "sources": [
            {
                "name": "pypi",
                "url": "https://pypi.org/simple",
                "verify_ssl": true
            }
        ]
    },
    "default": {
        "tqdm": {
            "hashes": [
                "sha256:0d8b5afb66e23d80433102e9bd8b5c8b65d34c2a2255b2de58d97bd2ea8170fd",
                "sha256:f35fb121bafa030bd94e74fcfd44f3c2830039a2ddef7fc87ef1c2d205237b24"
            ],
            "index": "pypi",
            "version": "==4.43.0"
        }
    },
    "develop": {
        "cx-freeze": {
            "hashes": [
                "sha256:02720e6ccfcc0f20d95247f9720c10aef6fbd156aaf5c5e4f32745c4851e1db0",
                "sha256:1b78298f905ba0579377b3fa7b452066a5271b5a461ac2d9b0c06797dad63768",
                "sha256:3e3378cdbde57bda17e3b5c6eebce499b1940a894c689695565d81180bc3ed43",
                "sha256:68816580aa558498a0dd903dcbcab84e402a7d44cfbd8e9597355930629baee0",
                "sha256:69c13821d0949818e71eb1cd27a7aca9fc48cc24b2cf5cdd3647792d05df1249",
                "sha256:91ded07c4a5a379fc6a8ff89569a96c56ca60448dc2e93f7c4d0056234083927",
                "sha256:a0181bdb0ed16b292f4cfb8cd3afc84e956fc187431f25392bd981460dd73da0",
                "sha256:a9b79e703d2d30f2a7d59af45d6645d5ffd5d9f00ec0840d83d2c9eeb989f364",
                "sha256:b9fb8a08699828e6cee9e72ad7dde834ed746e0452855d79638bf43b4db6ef45"
            ],
            "index": "pypi",
            "version": "==6.1"
        }
    }
}
